
Microsoft Visual Studio Solution File, Format Version 12.00
# Visual Studio 2013
VisualStudioVersion = 12.0.40629.0
MinimumVisualStudioVersion = 10.0.40219.1
Project("{FAE04EC0-301F-11D3-BF4B-00C04F79EFBC}") = "vidlko", "vidlko\vidlko.csproj", "{CA650B9F-CBDD-472D-BE7E-80AEF6706DDE}"
EndProject
Global
	GlobalSection(SolutionConfigurationPlatforms) = preSolution
		Debug|Any CPU = Debug|Any CPU
		Release|Any CPU = Release|Any CPU
		Testing|Any CPU = Testing|Any CPU
	EndGlobalSection
	GlobalSection(ProjectConfigurationPlatforms) = postSolution
		{CA650B9F-CBDD-472D-BE7E-80AEF6706DDE}.Debug|Any CPU.ActiveCfg = Debug|Any CPU
		{CA650B9F-CBDD-472D-BE7E-80AEF6706DDE}.Debug|Any CPU.Build.0 = Debug|Any CPU
		{CA650B9F-CBDD-472D-BE7E-80AEF6706DDE}.Release|Any CPU.ActiveCfg = Release|Any CPU
		{CA650B9F-CBDD-472D-BE7E-80AEF6706DDE}.Release|Any CPU.Build.0 = Release|Any CPU
		{CA650B9F-CBDD-472D-BE7E-80AEF6706DDE}.Testing|Any CPU.ActiveCfg = Testing|Any CPU
		{CA650B9F-CBDD-472D-BE7E-80AEF6706DDE}.Testing|Any CPU.Build.0 = Testing|Any CPU
	EndGlobalSection
	GlobalSection(SolutionProperties) = preSolution
		HideSolutionNode = FALSE
	EndGlobalSection
EndGlobal
